# This file is autogenerated, do not edit; changes may be undone by the next 'dep ensure'.


[[projects]]
  branch = "master"
  digest = "1:5558ceef0c045f9c8a0c08c6e0de89bb0895b1aad69d9722b3748f003564b8cb"
  name = "github.com/tektoncd/plumbing"
  packages = ["scripts"]
  pruneopts = "UT"
  revision = "373083123d6a795a29afd25b4b8f3efc4b7d14bc"

[solve-meta]
  analyzer-name = "dep"
  analyzer-version = 1
  input-imports = ["github.com/tektoncd/plumbing/scripts"]
  solver-name = "gps-cdcl"
  solver-version = 1
