# This file is autogenerated, do not edit; changes may be undone by the next 'dep ensure'.


[[projects]]
  branch = "master"
  digest = "1:763dd91fe87b6bcfcab06caebe135d7e1fb8414c01828ae2b4d62f031706585f"
  name = "github.com/tektoncd/plumbing"
  packages = ["scripts"]
  pruneopts = "UT"
  revision = "19ac801cfcf2b7fa3c4efc46c4c38932d5b78a33"

[solve-meta]
  analyzer-name = "dep"
  analyzer-version = 1
  input-imports = ["github.com/tektoncd/plumbing/scripts"]
  solver-name = "gps-cdcl"
  solver-version = 1
