# This file is autogenerated, do not edit; changes may be undone by the next 'dep ensure'.


[[projects]]
  branch = "master"
  digest = "1:92011435e48a9fed9f9e8afa03afecb5183ce15ff76f0ad108ea59751a15a080"
  name = "github.com/knative/test-infra"
  packages = ["scripts"]
  pruneopts = "UT"
  revision = "51f0bf3fa4146984c05cd1846dddf10a5908f167"

[solve-meta]
  analyzer-name = "dep"
  analyzer-version = 1
  input-imports = ["github.com/knative/test-infra/scripts"]
  solver-name = "gps-cdcl"
  solver-version = 1
